# THIS IS AN AUTOGENERATED FILE. DO NOT EDIT THIS FILE DIRECTLY.
# yarn lockfile v1


"@types/azure@^0.9.18":
  version "0.9.18"
  resolved "https://registry.yarnpkg.com/@types/azure/-/azure-0.9.18.tgz#1f1e92d4caa459c77619a7f6618ed439a22d4bc6"
  dependencies:
    "@types/node" "*"

"@types/chai@^3.4.35":
  version "3.4.35"
  resolved "https://registry.yarnpkg.com/@types/chai/-/chai-3.4.35.tgz#e8d65f83492d2944f816fc620741821c28a8c900"

"@types/mocha@^2.2.40":
  version "2.2.40"
  resolved "https://registry.yarnpkg.com/@types/mocha/-/mocha-2.2.40.tgz#9811dd800ece544cd84b5b859917bf584a150c4c"

"@types/node@*", "@types/node@^7.0.0":
  version "7.0.12"
  resolved "https://registry.yarnpkg.com/@types/node/-/node-7.0.12.tgz#ae5f67a19c15f752148004db07cbbb372e69efc9"

"@types/winston@^2.3.1":
  version "2.3.1"
  resolved "https://registry.yarnpkg.com/@types/winston/-/winston-2.3.1.tgz#7182341cc8917e349c9629f4b12abbdaa132839f"
  dependencies:
    "@types/node" "*"

"apparatus@>= 0.0.9":
  version "0.0.9"
  resolved "https://registry.yarnpkg.com/apparatus/-/apparatus-0.0.9.tgz#37dcd25834ad0b651076596291db823eeb1908bd"
  dependencies:
    sylvester ">= 0.0.8"

asn1@0.1.11:
  version "0.1.11"
  resolved "https://registry.yarnpkg.com/asn1/-/asn1-0.1.11.tgz#559be18376d08a4ec4dbe80877d27818639b2df7"

assert-plus@^0.1.5:
  version "0.1.5"
  resolved "https://registry.yarnpkg.com/assert-plus/-/assert-plus-0.1.5.tgz#ee74009413002d84cec7219c6ac811812e723160"

assertion-error@^1.0.1:
  version "1.0.2"
  resolved "https://registry.yarnpkg.com/assertion-error/-/assertion-error-1.0.2.tgz#13ca515d86206da0bac66e834dd397d87581094c"

async@~0.9.0:
  version "0.9.2"
  resolved "https://registry.yarnpkg.com/async/-/async-0.9.2.tgz#aea74d5e61c1f899613bf64bda66d4c78f2fd17d"

async@~1.0.0:
  version "1.0.0"
  resolved "https://registry.yarnpkg.com/async/-/async-1.0.0.tgz#f8fc04ca3a13784ade9e1641af98578cfbd647a9"

aws-sign2@~0.5.0:
  version "0.5.0"
  resolved "https://registry.yarnpkg.com/aws-sign2/-/aws-sign2-0.5.0.tgz#c57103f7a17fc037f02d7c2e64b602ea223f7d63"

aws-sign@~0.3.0:
  version "0.3.0"
  resolved "https://registry.yarnpkg.com/aws-sign/-/aws-sign-0.3.0.tgz#3d81ca69b474b1e16518728b51c24ff0bbedc6e9"

azure-arm-authorization@0.10.0:
  version "0.10.0"
  resolved "https://registry.yarnpkg.com/azure-arm-authorization/-/azure-arm-authorization-0.10.0.tgz#f126dffef6650682391b779fe39a6cee0243f7a0"
  dependencies:
    azure-common "0.9.12"
    underscore "1.4.x"

azure-arm-compute@0.10.0:
  version "0.10.0"
  resolved "https://registry.yarnpkg.com/azure-arm-compute/-/azure-arm-compute-0.10.0.tgz#9343f2ec6becbd2ed58a1a39e6537cd00a5a4627"
  dependencies:
    azure-common "0.9.12"

azure-arm-dns@0.10.0:
  version "0.10.0"
  resolved "https://registry.yarnpkg.com/azure-arm-dns/-/azure-arm-dns-0.10.0.tgz#160f7224aa90abcfd241320a6300aeee7e005914"
  dependencies:
    azure-common "0.9.12"

azure-arm-insights@0.10.0:
  version "0.10.0"
  resolved "https://registry.yarnpkg.com/azure-arm-insights/-/azure-arm-insights-0.10.0.tgz#c11f50a160f591cb0160fa47fc536e4d3c5facfc"
  dependencies:
    azure-common "0.9.12"
    moment "2.6.0"

azure-arm-keyvault@0.10.0:
  version "0.10.0"
  resolved "https://registry.yarnpkg.com/azure-arm-keyvault/-/azure-arm-keyvault-0.10.0.tgz#8bf90e90193cd14d29e2d435aff6e412a5a2d313"
  dependencies:
    azure-common "0.9.12"

azure-arm-network@0.10.0:
  version "0.10.0"
  resolved "https://registry.yarnpkg.com/azure-arm-network/-/azure-arm-network-0.10.0.tgz#8a7d6e384cadff43af42589c036df3482913c337"
  dependencies:
    azure-common "0.9.12"

azure-arm-resource@0.10.0:
  version "0.10.0"
  resolved "https://registry.yarnpkg.com/azure-arm-resource/-/azure-arm-resource-0.10.0.tgz#1779c2da6998fb9d0dadf5b47bc4840647b0f393"
  dependencies:
    azure-common "0.9.12"
    underscore "1.4.x"

azure-arm-storage@0.10.0:
  version "0.10.0"
  resolved "https://registry.yarnpkg.com/azure-arm-storage/-/azure-arm-storage-0.10.0.tgz#2e8950ecdc0ae206a5bc0fa03c7b6d3ea446fef3"
  dependencies:
    azure-common "0.9.12"

azure-arm-website@0.10.0:
  version "0.10.0"
  resolved "https://registry.yarnpkg.com/azure-arm-website/-/azure-arm-website-0.10.0.tgz#610400ecb801bff16b7e2d7c1c6d1fe99c4f9ec9"
  dependencies:
    azure-common "0.9.12"
    moment "2.6.0"
    underscore "1.4.x"

azure-asm-compute@0.10.0:
  version "0.10.0"
  resolved "https://registry.yarnpkg.com/azure-asm-compute/-/azure-asm-compute-0.10.0.tgz#f2bf28e9fddaeef258f64b7cd1459b36d4f70367"
  dependencies:
    azure-common "0.9.12"

azure-asm-hdinsight@0.10.0:
  version "0.10.0"
  resolved "https://registry.yarnpkg.com/azure-asm-hdinsight/-/azure-asm-hdinsight-0.10.0.tgz#924078db04344c61b38a786a8edd8ddb74615838"
  dependencies:
    azure-common "0.9.12"
    underscore "1.4.x"

azure-asm-mgmt@0.10.0:
  version "0.10.0"
  resolved "https://registry.yarnpkg.com/azure-asm-mgmt/-/azure-asm-mgmt-0.10.0.tgz#a6e38822cff747310bd622cea3a9f518cea6e19e"
  dependencies:
    azure-common "0.9.12"
    underscore "1.4.x"

azure-asm-network@0.10.0:
  version "0.10.0"
  resolved "https://registry.yarnpkg.com/azure-asm-network/-/azure-asm-network-0.10.0.tgz#af44f03b051f8f7de450f61728da9650ba951d69"
  dependencies:
    azure-common "0.9.12"

azure-asm-sb@0.10.0:
  version "0.10.0"
  resolved "https://registry.yarnpkg.com/azure-asm-sb/-/azure-asm-sb-0.10.0.tgz#9ffd9b75249558383b9ef95e72d559052df65756"
  dependencies:
    azure-common "0.9.12"
    underscore "1.4.x"

azure-asm-scheduler@0.10.0:
  version "0.10.0"
  resolved "https://registry.yarnpkg.com/azure-asm-scheduler/-/azure-asm-scheduler-0.10.0.tgz#9f743cbd72d9da1b18738b7e004ea2b3483dba7e"
  dependencies:
    azure-common "0.9.12"

azure-asm-sql@0.10.0:
  version "0.10.0"
  resolved "https://registry.yarnpkg.com/azure-asm-sql/-/azure-asm-sql-0.10.0.tgz#3167b7c4cbe0c9ac445a1c6e98ddda8bad5551be"
  dependencies:
    azure-common "0.9.12"
    underscore "1.4.x"

azure-asm-storage@0.10.0:
  version "0.10.0"
  resolved "https://registry.yarnpkg.com/azure-asm-storage/-/azure-asm-storage-0.10.0.tgz#404e7ad6d674c0fdad3777ce1c2d696342d7d81f"
  dependencies:
    azure-common "0.9.12"

azure-asm-store@0.10.0:
  version "0.10.0"
  resolved "https://registry.yarnpkg.com/azure-asm-store/-/azure-asm-store-0.10.0.tgz#e20baa7e5a646876967c6813d53ffd2e071a47b0"
  dependencies:
    azure-common "0.9.12"

azure-asm-subscription@0.10.0:
  version "0.10.0"
  resolved "https://registry.yarnpkg.com/azure-asm-subscription/-/azure-asm-subscription-0.10.0.tgz#edd85e2f451e6d3315466de85b4c183d7d5dd59d"
  dependencies:
    azure-common "0.9.12"

azure-asm-trafficmanager@0.10.0:
  version "0.10.0"
  resolved "https://registry.yarnpkg.com/azure-asm-trafficmanager/-/azure-asm-trafficmanager-0.10.0.tgz#e4d6ffaded1e5217a70b651d50b0b7ef38200236"
  dependencies:
    azure-common "0.9.12"

azure-asm-website@0.10.0:
  version "0.10.0"
  resolved "https://registry.yarnpkg.com/azure-asm-website/-/azure-asm-website-0.10.0.tgz#7a31cafbf79768c03c97c66370fa846fb9110bda"
  dependencies:
    azure-common "0.9.12"
    moment "2.6.0"
    underscore "1.4.x"

azure-common@0.9.10:
  version "0.9.10"
  resolved "https://registry.yarnpkg.com/azure-common/-/azure-common-0.9.10.tgz#b808c2704b14ea4c4054659087d8789e6ed52764"
  dependencies:
    dateformat "1.0.2-1.2.3"
    duplexer "~0.1.1"
    envconf "~0.0.4"
    request "2.27.0"
    through "~2.3.4"
    tunnel "~0.0.2"
    underscore "1.4.x"
    validator "~3.1.0"
    xml2js "0.2.7"
    xmlbuilder "0.4.3"

azure-common@0.9.12:
  version "0.9.12"
  resolved "https://registry.yarnpkg.com/azure-common/-/azure-common-0.9.12.tgz#8ca8167c2dbaa43b61e3caa9c7d98e78908749f6"
  dependencies:
    dateformat "1.0.2-1.2.3"
    duplexer "~0.1.1"
    envconf "~0.0.4"
    request "2.45.0"
    through "~2.3.4"
    tunnel "~0.0.2"
    underscore "1.4.x"
    validator "~3.1.0"
    xml2js "0.2.7"
    xmlbuilder "0.4.3"

azure-gallery@2.0.0-pre.16:
  version "2.0.0-pre.16"
  resolved "https://registry.yarnpkg.com/azure-gallery/-/azure-gallery-2.0.0-pre.16.tgz#cbbbfec82e97034aac271e4c9853f644e3fd847d"
  dependencies:
    azure-common "0.9.12"
    underscore "1.4.x"

azure-keyvault@0.9.2:
  version "0.9.2"
  resolved "https://registry.yarnpkg.com/azure-keyvault/-/azure-keyvault-0.9.2.tgz#db97ea55580b37c9a81431c8d409a23f1516dda2"
  dependencies:
    azure-common "0.9.10"
    node-uuid ">= 1.3.3"

azure-monitoring@0.10.0:
  version "0.10.0"
  resolved "https://registry.yarnpkg.com/azure-monitoring/-/azure-monitoring-0.10.0.tgz#cecaf5e5d91133c09598e0d4252352ccc2714788"
  dependencies:
    azure-common "0.9.12"
    moment "2.6.0"
    underscore "1.4.x"

azure-sb@0.10.0:
  version "0.10.0"
  resolved "https://registry.yarnpkg.com/azure-sb/-/azure-sb-0.10.0.tgz#0ba76087b52d42b2617bca7ae389c4dd40f29dd6"
  dependencies:
    azure-common "0.9.12"
    mpns "~2.0.0"
    underscore "1.4.x"
    wns "~0.5.3"

azure-scheduler@0.10.0:
  version "0.10.0"
  resolved "https://registry.yarnpkg.com/azure-scheduler/-/azure-scheduler-0.10.0.tgz#4b5e809d66e6e85205e5ded9dd4779b29a36aebc"
  dependencies:
    azure-common "0.9.12"
    moment "2.6.0"

azure-storage@0.3.3:
  version "0.3.3"
  resolved "https://registry.yarnpkg.com/azure-storage/-/azure-storage-0.3.3.tgz#5e1920ba75c678cb3f5e52a89136ef36210b58a1"
  dependencies:
    extend "~1.2.1"
    mime "~1.2.4"
    node-uuid "~1.4.0"
    request "~2.27.0"
    underscore "~1.4.4"
    validator "~3.1.0"
    xml2js "0.2.7"
    xmlbuilder "0.4.3"

azure@0.10.6:
  version "0.10.6"
  resolved "https://registry.yarnpkg.com/azure/-/azure-0.10.6.tgz#04a68a29eba0de3a0d0fc75111499e527e770e0c"
  dependencies:
    azure-arm-authorization "0.10.0"
    azure-arm-compute "0.10.0"
    azure-arm-dns "0.10.0"
    azure-arm-insights "0.10.0"
    azure-arm-keyvault "0.10.0"
    azure-arm-network "0.10.0"
    azure-arm-resource "0.10.0"
    azure-arm-storage "0.10.0"
    azure-arm-website "0.10.0"
    azure-asm-compute "0.10.0"
    azure-asm-hdinsight "0.10.0"
    azure-asm-mgmt "0.10.0"
    azure-asm-network "0.10.0"
    azure-asm-sb "0.10.0"
    azure-asm-scheduler "0.10.0"
    azure-asm-sql "0.10.0"
    azure-asm-storage "0.10.0"
    azure-asm-store "0.10.0"
    azure-asm-subscription "0.10.0"
    azure-asm-trafficmanager "0.10.0"
    azure-asm-website "0.10.0"
    azure-common "0.9.12"
    azure-gallery "2.0.0-pre.16"
    azure-keyvault "0.9.2"
    azure-monitoring "0.10.0"
    azure-sb "0.10.0"
    azure-scheduler "0.10.0"
    azure-storage "0.3.3"
    mime "~1.2.4"
    node-uuid "~1.2.0"
    request "2.45.0"
    underscore "1.4.x"

balanced-match@^0.4.1:
  version "0.4.2"
  resolved "https://registry.yarnpkg.com/balanced-match/-/balanced-match-0.4.2.tgz#cb3f3e3c732dc0f01ee70b403f302e61d7709838"

"binary@>= 0.3.0 < 1":
  version "0.3.0"
  resolved "https://registry.yarnpkg.com/binary/-/binary-0.3.0.tgz#9f60553bc5ce8c3386f3b553cff47462adecaa79"
  dependencies:
    buffers "~0.1.1"
    chainsaw "~0.1.0"

bitbuffer@0.1.x:
  version "0.1.3"
  resolved "https://registry.yarnpkg.com/bitbuffer/-/bitbuffer-0.1.3.tgz#780feb1297caaf0fac9e48cfab946d6efd2bd397"

bl@~0.9.0:
  version "0.9.5"
  resolved "https://registry.yarnpkg.com/bl/-/bl-0.9.5.tgz#c06b797af085ea00bc527afc8efcf11de2232054"
  dependencies:
    readable-stream "~1.0.26"

bloem@^0.2.4:
  version "0.2.4"
  resolved "https://registry.yarnpkg.com/bloem/-/bloem-0.2.4.tgz#3c29ebed689b384f28304fa7bd56c6026e6d5879"
  dependencies:
    bitbuffer "0.1.x"
    fnv "0.1.x"

boom@0.4.x:
  version "0.4.2"
  resolved "https://registry.yarnpkg.com/boom/-/boom-0.4.2.tgz#7a636e9ded4efcefb19cef4947a3c67dfaee911b"
  dependencies:
    hoek "0.9.x"

brace-expansion@^1.0.0:
  version "1.1.6"
  resolved "https://registry.yarnpkg.com/brace-expansion/-/brace-expansion-1.1.6.tgz#7197d7eaa9b87e648390ea61fc66c84427420df9"
  dependencies:
    balanced-match "^0.4.1"
    concat-map "0.0.1"

browser-stdout@1.3.0:
  version "1.3.0"
  resolved "https://registry.yarnpkg.com/browser-stdout/-/browser-stdout-1.3.0.tgz#f351d32969d32fa5d7a5567154263d928ae3bd1f"

buffers@~0.1.1:
  version "0.1.1"
  resolved "https://registry.yarnpkg.com/buffers/-/buffers-0.1.1.tgz#b24579c3bed4d6d396aeee6d9a8ae7f5482ab7bb"

caseless@~0.6.0:
  version "0.6.0"
  resolved "https://registry.yarnpkg.com/caseless/-/caseless-0.6.0.tgz#8167c1ab8397fb5bb95f96d28e5a81c50f247ac4"

chai@^3.5.0:
  version "3.5.0"
  resolved "https://registry.yarnpkg.com/chai/-/chai-3.5.0.tgz#4d02637b067fe958bdbfdd3a40ec56fef7373247"
  dependencies:
    assertion-error "^1.0.1"
    deep-eql "^0.1.3"
    type-detect "^1.0.0"

chainsaw@~0.1.0:
  version "0.1.0"
  resolved "https://registry.yarnpkg.com/chainsaw/-/chainsaw-0.1.0.tgz#5eab50b28afe58074d0d58291388828b5e5fbc98"
  dependencies:
    traverse ">=0.3.0 <0.4"

cld@^2.4.7:
  version "2.4.7"
  resolved "https://registry.yarnpkg.com/cld/-/cld-2.4.7.tgz#5035c7dc9f4e3230f8358d0d395da30a46c52374"
  dependencies:
    glob "^5.0.10"
    nan "^2.0.5"
    rimraf "^2.4.0"
    underscore "^1.6.0"

colors@1.0.x:
  version "1.0.3"
  resolved "https://registry.yarnpkg.com/colors/-/colors-1.0.3.tgz#0433f44d809680fdeb60ed260f1b0c262e82a40b"

combined-stream@~0.0.4:
  version "0.0.7"
  resolved "https://registry.yarnpkg.com/combined-stream/-/combined-stream-0.0.7.tgz#0137e657baa5a7541c57ac37ac5fc07d73b4dc1f"
  dependencies:
    delayed-stream "0.0.5"

commander@2.9.0, commander@^2.9.0:
  version "2.9.0"
  resolved "https://registry.yarnpkg.com/commander/-/commander-2.9.0.tgz#9c99094176e12240cb22d6c5146098400fe0f7d4"
  dependencies:
    graceful-readlink ">= 1.0.0"

concat-map@0.0.1:
  version "0.0.1"
  resolved "https://registry.yarnpkg.com/concat-map/-/concat-map-0.0.1.tgz#d8a96bd77fd68df7793a73036a3ba0d5405d477b"

cookie-jar@~0.3.0:
  version "0.3.0"
  resolved "https://registry.yarnpkg.com/cookie-jar/-/cookie-jar-0.3.0.tgz#bc9a27d4e2b97e186cd57c9e2063cb99fa68cccc"

core-util-is@~1.0.0:
  version "1.0.2"
  resolved "https://registry.yarnpkg.com/core-util-is/-/core-util-is-1.0.2.tgz#b5fd54220aa2bc5ab57aab7140c940754503c1a7"

cryptiles@0.2.x:
  version "0.2.2"
  resolved "https://registry.yarnpkg.com/cryptiles/-/cryptiles-0.2.2.tgz#ed91ff1f17ad13d3748288594f8a48a0d26f325c"
  dependencies:
    boom "0.4.x"

crypto@0.0.3:
  version "0.0.3"
  resolved "https://registry.yarnpkg.com/crypto/-/crypto-0.0.3.tgz#470a81b86be4c5ee17acc8207a1f5315ae20dbb0"

ctype@0.5.3:
  version "0.5.3"
  resolved "https://registry.yarnpkg.com/ctype/-/ctype-0.5.3.tgz#82c18c2461f74114ef16c135224ad0b9144ca12f"

cycle@1.0.x:
  version "1.0.3"
  resolved "https://registry.yarnpkg.com/cycle/-/cycle-1.0.3.tgz#21e80b2be8580f98b468f379430662b046c34ad2"

dateformat@1.0.2-1.2.3:
  version "1.0.2-1.2.3"
  resolved "https://registry.yarnpkg.com/dateformat/-/dateformat-1.0.2-1.2.3.tgz#b0220c02de98617433b72851cf47de3df2cdbee9"

debug@2.2.0:
  version "2.2.0"
  resolved "https://registry.yarnpkg.com/debug/-/debug-2.2.0.tgz#f87057e995b1a1f6ae6a4960664137bc56f039da"
  dependencies:
    ms "0.7.1"

deep-eql@^0.1.3:
  version "0.1.3"
  resolved "https://registry.yarnpkg.com/deep-eql/-/deep-eql-0.1.3.tgz#ef558acab8de25206cd713906d74e56930eb69f2"
  dependencies:
    type-detect "0.1.1"

delayed-stream@0.0.5:
  version "0.0.5"
  resolved "https://registry.yarnpkg.com/delayed-stream/-/delayed-stream-0.0.5.tgz#d4b1f43a93e8296dfe02694f4680bc37a313c73f"

diff@1.4.0:
  version "1.4.0"
  resolved "https://registry.yarnpkg.com/diff/-/diff-1.4.0.tgz#7f28d2eb9ee7b15a97efd89ce63dcfdaa3ccbabf"

duplexer@~0.1.1:
  version "0.1.1"
  resolved "https://registry.yarnpkg.com/duplexer/-/duplexer-0.1.1.tgz#ace6ff808c1ce66b57d1ebf97977acb02334cfc1"

envconf@~0.0.4:
  version "0.0.4"
  resolved "https://registry.yarnpkg.com/envconf/-/envconf-0.0.4.tgz#85675afba237c43f98de2d46adc0e532a4dcf48b"

escape-string-regexp@1.0.5:
  version "1.0.5"
  resolved "https://registry.yarnpkg.com/escape-string-regexp/-/escape-string-regexp-1.0.5.tgz#1b61c0562190a8dff6ae3bb2cf0200ca130b86d4"

extend@~1.2.1:
  version "1.2.1"
  resolved "https://registry.yarnpkg.com/extend/-/extend-1.2.1.tgz#a0f5fd6cfc83a5fe49ef698d60ec8a624dd4576c"

eyes@0.1.x:
  version "0.1.8"
  resolved "https://registry.yarnpkg.com/eyes/-/eyes-0.1.8.tgz#62cf120234c683785d902348a800ef3e0cc20bc0"

fnv@0.1.x:
  version "0.1.3"
  resolved "https://registry.yarnpkg.com/fnv/-/fnv-0.1.3.tgz#5db30b83e97e7aea448cb36138bd936970a8700d"

forever-agent@~0.5.0:
  version "0.5.2"
  resolved "https://registry.yarnpkg.com/forever-agent/-/forever-agent-0.5.2.tgz#6d0e09c4921f94a27f63d3b49c5feff1ea4c5130"

form-data@~0.1.0:
  version "0.1.4"
  resolved "https://registry.yarnpkg.com/form-data/-/form-data-0.1.4.tgz#91abd788aba9702b1aabfa8bc01031a2ac9e3b12"
  dependencies:
    async "~0.9.0"
    combined-stream "~0.0.4"
    mime "~1.2.11"

franc@^3.0.0:
  version "3.0.0"
  resolved "https://registry.yarnpkg.com/franc/-/franc-3.0.0.tgz#bea6f6fb483289cc5e48eaae9ad728dfe17f8cde"
  dependencies:
    trigram-utils "^0.1.0"

fs.realpath@^1.0.0:
  version "1.0.0"
  resolved "https://registry.yarnpkg.com/fs.realpath/-/fs.realpath-1.0.0.tgz#1504ad2523158caa40db4a2787cb01411994ea4f"

"fstream@>= 0.1.30 < 1":
  version "0.1.31"
  resolved "https://registry.yarnpkg.com/fstream/-/fstream-0.1.31.tgz#7337f058fbbbbefa8c9f561a28cab0849202c988"
  dependencies:
    graceful-fs "~3.0.2"
    inherits "~2.0.0"
    mkdirp "0.5"
    rimraf "2"

glob@7.0.5, glob@^7.0.5:
  version "7.0.5"
  resolved "https://registry.yarnpkg.com/glob/-/glob-7.0.5.tgz#b4202a69099bbb4d292a7c1b95b6682b67ebdc95"
  dependencies:
    fs.realpath "^1.0.0"
    inflight "^1.0.4"
    inherits "2"
    minimatch "^3.0.2"
    once "^1.3.0"
    path-is-absolute "^1.0.0"

glob@^5.0.10:
  version "5.0.15"
  resolved "https://registry.yarnpkg.com/glob/-/glob-5.0.15.tgz#1bc936b9e02f4a603fcc222ecf7633d30b8b93b1"
  dependencies:
    inflight "^1.0.4"
    inherits "2"
    minimatch "2 || 3"
    once "^1.3.0"
    path-is-absolute "^1.0.0"

graceful-fs@~3.0.2:
  version "3.0.11"
  resolved "https://registry.yarnpkg.com/graceful-fs/-/graceful-fs-3.0.11.tgz#7613c778a1afea62f25c630a086d7f3acbbdd818"
  dependencies:
    natives "^1.1.0"

"graceful-readlink@>= 1.0.0":
  version "1.0.1"
  resolved "https://registry.yarnpkg.com/graceful-readlink/-/graceful-readlink-1.0.1.tgz#4cafad76bc62f02fa039b2f94e9a3dd3a391a725"

growl@1.9.2:
  version "1.9.2"
  resolved "https://registry.yarnpkg.com/growl/-/growl-1.9.2.tgz#0ea7743715db8d8de2c5ede1775e1b45ac85c02f"

has-flag@^1.0.0:
  version "1.0.0"
  resolved "https://registry.yarnpkg.com/has-flag/-/has-flag-1.0.0.tgz#9d9e793165ce017a00f00418c43f942a7b1d11fa"

hawk@1.1.1:
  version "1.1.1"
  resolved "https://registry.yarnpkg.com/hawk/-/hawk-1.1.1.tgz#87cd491f9b46e4e2aeaca335416766885d2d1ed9"
  dependencies:
    boom "0.4.x"
    cryptiles "0.2.x"
    hoek "0.9.x"
    sntp "0.2.x"

hawk@~1.0.0:
  version "1.0.0"
  resolved "https://registry.yarnpkg.com/hawk/-/hawk-1.0.0.tgz#b90bb169807285411da7ffcb8dd2598502d3b52d"
  dependencies:
    boom "0.4.x"
    cryptiles "0.2.x"
    hoek "0.9.x"
    sntp "0.2.x"

hoek@0.9.x:
  version "0.9.1"
  resolved "https://registry.yarnpkg.com/hoek/-/hoek-0.9.1.tgz#3d322462badf07716ea7eb85baf88079cddce505"

http-signature@~0.10.0:
  version "0.10.1"
  resolved "https://registry.yarnpkg.com/http-signature/-/http-signature-0.10.1.tgz#4fbdac132559aa8323121e540779c0a012b27e66"
  dependencies:
    asn1 "0.1.11"
    assert-plus "^0.1.5"
    ctype "0.5.3"

inflight@^1.0.4:
  version "1.0.6"
  resolved "https://registry.yarnpkg.com/inflight/-/inflight-1.0.6.tgz#49bd6331d7d02d0c09bc910a1075ba8165b56df9"
  dependencies:
    once "^1.3.0"
    wrappy "1"

inherits@2, inherits@~2.0.0, inherits@~2.0.1:
  version "2.0.3"
  resolved "https://registry.yarnpkg.com/inherits/-/inherits-2.0.3.tgz#633c2c83e3da42a502f52466022480f4208261de"

isarray@0.0.1:
  version "0.0.1"
  resolved "https://registry.yarnpkg.com/isarray/-/isarray-0.0.1.tgz#8a18acfca9a8f4177e09abfc6038939b05d1eedf"

isstream@0.1.x:
  version "0.1.2"
  resolved "https://registry.yarnpkg.com/isstream/-/isstream-0.1.2.tgz#47e63f7af55afa6f92e1500e690eb8b8529c099a"

json-stringify-safe@~5.0.0:
  version "5.0.1"
  resolved "https://registry.yarnpkg.com/json-stringify-safe/-/json-stringify-safe-5.0.1.tgz#1296a2d58fd45f19a0f6ce01d65701e2c735b6eb"

json3@3.3.2:
  version "3.3.2"
  resolved "https://registry.yarnpkg.com/json3/-/json3-3.3.2.tgz#3c0434743df93e2f5c42aee7b19bcb483575f4e1"

langs@^2.0.0:
  version "2.0.0"
  resolved "https://registry.yarnpkg.com/langs/-/langs-2.0.0.tgz#00c32ce48152a49a614450b9ba2632ab58a0a364"

lodash._baseassign@^3.0.0:
  version "3.2.0"
  resolved "https://registry.yarnpkg.com/lodash._baseassign/-/lodash._baseassign-3.2.0.tgz#8c38a099500f215ad09e59f1722fd0c52bfe0a4e"
  dependencies:
    lodash._basecopy "^3.0.0"
    lodash.keys "^3.0.0"

lodash._basecopy@^3.0.0:
  version "3.0.1"
  resolved "https://registry.yarnpkg.com/lodash._basecopy/-/lodash._basecopy-3.0.1.tgz#8da0e6a876cf344c0ad8a54882111dd3c5c7ca36"

lodash._basecreate@^3.0.0:
  version "3.0.3"
  resolved "https://registry.yarnpkg.com/lodash._basecreate/-/lodash._basecreate-3.0.3.tgz#1bc661614daa7fc311b7d03bf16806a0213cf821"

lodash._getnative@^3.0.0:
  version "3.9.1"
  resolved "https://registry.yarnpkg.com/lodash._getnative/-/lodash._getnative-3.9.1.tgz#570bc7dede46d61cdcde687d65d3eecbaa3aaff5"

lodash._isiterateecall@^3.0.0:
  version "3.0.9"
  resolved "https://registry.yarnpkg.com/lodash._isiterateecall/-/lodash._isiterateecall-3.0.9.tgz#5203ad7ba425fae842460e696db9cf3e6aac057c"

lodash.create@3.1.1:
  version "3.1.1"
  resolved "https://registry.yarnpkg.com/lodash.create/-/lodash.create-3.1.1.tgz#d7f2849f0dbda7e04682bb8cd72ab022461debe7"
  dependencies:
    lodash._baseassign "^3.0.0"
    lodash._basecreate "^3.0.0"
    lodash._isiterateecall "^3.0.0"

lodash.isarguments@^3.0.0:
  version "3.1.0"
  resolved "https://registry.yarnpkg.com/lodash.isarguments/-/lodash.isarguments-3.1.0.tgz#2f573d85c6a24289ff00663b491c1d338ff3458a"

lodash.isarray@^3.0.0:
  version "3.0.4"
  resolved "https://registry.yarnpkg.com/lodash.isarray/-/lodash.isarray-3.0.4.tgz#79e4eb88c36a8122af86f844aa9bcd851b5fbb55"

lodash.keys@^3.0.0:
  version "3.1.2"
  resolved "https://registry.yarnpkg.com/lodash.keys/-/lodash.keys-3.1.2.tgz#4dbc0472b156be50a0b286855d1bd0b0c656098a"
  dependencies:
    lodash._getnative "^3.0.0"
    lodash.isarguments "^3.0.0"
    lodash.isarray "^3.0.0"

"match-stream@>= 0.0.2 < 1":
  version "0.0.2"
  resolved "https://registry.yarnpkg.com/match-stream/-/match-stream-0.0.2.tgz#99eb050093b34dffade421b9ac0b410a9cfa17cf"
  dependencies:
    buffers "~0.1.1"
    readable-stream "~1.0.0"

mime-types@~1.0.1:
  version "1.0.2"
  resolved "https://registry.yarnpkg.com/mime-types/-/mime-types-1.0.2.tgz#995ae1392ab8affcbfcb2641dd054e943c0d5dce"

mime@~1.2.11, mime@~1.2.4, mime@~1.2.9:
  version "1.2.11"
  resolved "https://registry.yarnpkg.com/mime/-/mime-1.2.11.tgz#58203eed86e3a5ef17aed2b7d9ebd47f0a60dd10"

"minimatch@2 || 3", minimatch@^3.0.2:
  version "3.0.3"
  resolved "https://registry.yarnpkg.com/minimatch/-/minimatch-3.0.3.tgz#2a4e4090b96b2db06a9d7df01055a62a77c9b774"
  dependencies:
    brace-expansion "^1.0.0"

minimist@0.0.8:
  version "0.0.8"
  resolved "https://registry.yarnpkg.com/minimist/-/minimist-0.0.8.tgz#857fcabfc3397d2625b8228262e86aa7a011b05d"

mkdirp@0.5, mkdirp@0.5.1:
  version "0.5.1"
  resolved "https://registry.yarnpkg.com/mkdirp/-/mkdirp-0.5.1.tgz#30057438eac6cf7f8c4767f38648d6697d75c903"
  dependencies:
    minimist "0.0.8"

mocha@^3.2.0:
  version "3.2.0"
  resolved "https://registry.yarnpkg.com/mocha/-/mocha-3.2.0.tgz#7dc4f45e5088075171a68896814e6ae9eb7a85e3"
  dependencies:
    browser-stdout "1.3.0"
    commander "2.9.0"
    debug "2.2.0"
    diff "1.4.0"
    escape-string-regexp "1.0.5"
    glob "7.0.5"
    growl "1.9.2"
    json3 "3.3.2"
    lodash.create "3.1.1"
    mkdirp "0.5.1"
    supports-color "3.1.2"

moment@2.6.0:
  version "2.6.0"
  resolved "https://registry.yarnpkg.com/moment/-/moment-2.6.0.tgz#0765b72b841dd213fa91914c0f6765122719f061"

mpns@~2.0.0:
  version "2.0.1"
  resolved "https://registry.yarnpkg.com/mpns/-/mpns-2.0.1.tgz#24d269faed8f39726ed31e6250653d043fd44e16"

ms@0.7.1:
  version "0.7.1"
  resolved "https://registry.yarnpkg.com/ms/-/ms-0.7.1.tgz#9cd13c03adbff25b65effde7ce864ee952017098"

n-gram@^0.1.0:
  version "0.1.2"
  resolved "https://registry.yarnpkg.com/n-gram/-/n-gram-0.1.2.tgz#9acecb0f797fbfd22a0ad8a28d987880a63002ab"

nan@^2.0.5:
  version "2.5.1"
  resolved "https://registry.yarnpkg.com/nan/-/nan-2.5.1.tgz#d5b01691253326a97a2bbee9e61c55d8d60351e2"

natives@^1.1.0:
  version "1.1.0"
  resolved "https://registry.yarnpkg.com/natives/-/natives-1.1.0.tgz#e9ff841418a6b2ec7a495e939984f78f163e6e31"

natural@^0.5.0:
  version "0.5.0"
  resolved "https://registry.yarnpkg.com/natural/-/natural-0.5.0.tgz#55a9bb68eccf5ece5535486004a57de264ae3180"
  dependencies:
    apparatus ">= 0.0.9"
    sylvester ">= 0.0.12"
    underscore ">=1.3.1"

"node-uuid@>= 1.3.3", node-uuid@~1.4.0:
  version "1.4.8"
  resolved "https://registry.yarnpkg.com/node-uuid/-/node-uuid-1.4.8.tgz#b040eb0923968afabf8d32fb1f17f1167fdab907"

node-uuid@~1.2.0:
  version "1.2.0"
  resolved "https://registry.yarnpkg.com/node-uuid/-/node-uuid-1.2.0.tgz#81a9fe32934719852499b58b2523d2cd5fdfd65b"

oauth-sign@~0.3.0:
  version "0.3.0"
  resolved "https://registry.yarnpkg.com/oauth-sign/-/oauth-sign-0.3.0.tgz#cb540f93bb2b22a7d5941691a288d60e8ea9386e"

oauth-sign@~0.4.0:
  version "0.4.0"
  resolved "https://registry.yarnpkg.com/oauth-sign/-/oauth-sign-0.4.0.tgz#f22956f31ea7151a821e5f2fb32c113cad8b9f69"

once@^1.3.0:
  version "1.4.0"
  resolved "https://registry.yarnpkg.com/once/-/once-1.4.0.tgz#583b1aa775961d4b113ac17d9c50baef9dd76bd1"
  dependencies:
    wrappy "1"

"over@>= 0.0.5 < 1":
  version "0.0.5"
  resolved "https://registry.yarnpkg.com/over/-/over-0.0.5.tgz#f29852e70fd7e25f360e013a8ec44c82aedb5708"

path-is-absolute@^1.0.0:
  version "1.0.1"
  resolved "https://registry.yarnpkg.com/path-is-absolute/-/path-is-absolute-1.0.1.tgz#174b9268735534ffbc7ace6bf53a5a9e1b5c5f5f"

"pullstream@>= 0.4.1 < 1":
  version "0.4.1"
  resolved "https://registry.yarnpkg.com/pullstream/-/pullstream-0.4.1.tgz#d6fb3bf5aed697e831150eb1002c25a3f8ae1314"
  dependencies:
    over ">= 0.0.5 < 1"
    readable-stream "~1.0.31"
    setimmediate ">= 1.0.2 < 2"
    slice-stream ">= 1.0.0 < 2"

punycode@^1.4.1:
  version "1.4.1"
  resolved "https://registry.yarnpkg.com/punycode/-/punycode-1.4.1.tgz#c0d5a63b2718800ad8e1eb0fa5269c84dd41845e"

qs@~0.6.0:
  version "0.6.6"
  resolved "https://registry.yarnpkg.com/qs/-/qs-0.6.6.tgz#6e015098ff51968b8a3c819001d5f2c89bc4b107"

qs@~1.2.0:
  version "1.2.2"
  resolved "https://registry.yarnpkg.com/qs/-/qs-1.2.2.tgz#19b57ff24dc2a99ce1f8bdf6afcda59f8ef61f88"

readable-stream@~1.0.0, readable-stream@~1.0.26, readable-stream@~1.0.31:
  version "1.0.34"
  resolved "https://registry.yarnpkg.com/readable-stream/-/readable-stream-1.0.34.tgz#125820e34bc842d2f2aaafafe4c2916ee32c157c"
  dependencies:
    core-util-is "~1.0.0"
    inherits "~2.0.1"
    isarray "0.0.1"
    string_decoder "~0.10.x"

request@2.27.0, request@~2.27.0:
  version "2.27.0"
  resolved "https://registry.yarnpkg.com/request/-/request-2.27.0.tgz#dfb1a224dd3a5a9bade4337012503d710e538668"
  dependencies:
    aws-sign "~0.3.0"
    cookie-jar "~0.3.0"
    forever-agent "~0.5.0"
    form-data "~0.1.0"
    hawk "~1.0.0"
    http-signature "~0.10.0"
    json-stringify-safe "~5.0.0"
    mime "~1.2.9"
    node-uuid "~1.4.0"
    oauth-sign "~0.3.0"
    qs "~0.6.0"
    tunnel-agent "~0.3.0"

request@2.45.0:
  version "2.45.0"
  resolved "https://registry.yarnpkg.com/request/-/request-2.45.0.tgz#29d713a0a07f17fb2e7b61815d2010681718e93c"
  dependencies:
    bl "~0.9.0"
    caseless "~0.6.0"
    forever-agent "~0.5.0"
    form-data "~0.1.0"
    json-stringify-safe "~5.0.0"
    mime-types "~1.0.1"
    node-uuid "~1.4.0"
    qs "~1.2.0"
    tunnel-agent "~0.4.0"
  optionalDependencies:
    aws-sign2 "~0.5.0"
    hawk "1.1.1"
    http-signature "~0.10.0"
    oauth-sign "~0.4.0"
    stringstream "~0.0.4"
    tough-cookie ">=0.12.0"

rimraf@2, rimraf@^2.4.0:
  version "2.6.1"
  resolved "https://registry.yarnpkg.com/rimraf/-/rimraf-2.6.1.tgz#c2338ec643df7a1b7fe5c54fa86f57428a55f33d"
  dependencies:
    glob "^7.0.5"

sax@0.5.2:
  version "0.5.2"
  resolved "https://registry.yarnpkg.com/sax/-/sax-0.5.2.tgz#735ffaa39a1cff8ffb9598f0223abdb03a9fb2ea"

"setimmediate@>= 1.0.1 < 2", "setimmediate@>= 1.0.2 < 2":
  version "1.0.5"
  resolved "https://registry.yarnpkg.com/setimmediate/-/setimmediate-1.0.5.tgz#290cbb232e306942d7d7ea9b83732ab7856f8285"

"slice-stream@>= 1.0.0 < 2":
  version "1.0.0"
  resolved "https://registry.yarnpkg.com/slice-stream/-/slice-stream-1.0.0.tgz#5b33bd66f013b1a7f86460b03d463dec39ad3ea0"
  dependencies:
    readable-stream "~1.0.31"

sntp@0.2.x:
  version "0.2.4"
  resolved "https://registry.yarnpkg.com/sntp/-/sntp-0.2.4.tgz#fb885f18b0f3aad189f824862536bceeec750900"
  dependencies:
    hoek "0.9.x"

stack-trace@0.0.x:
  version "0.0.9"
  resolved "https://registry.yarnpkg.com/stack-trace/-/stack-trace-0.0.9.tgz#a8f6eaeca90674c333e7c43953f275b451510695"

string_decoder@~0.10.x:
  version "0.10.31"
  resolved "https://registry.yarnpkg.com/string_decoder/-/string_decoder-0.10.31.tgz#62e203bc41766c6c28c9fc84301dab1c5310fa94"

stringstream@~0.0.4:
  version "0.0.5"
  resolved "https://registry.yarnpkg.com/stringstream/-/stringstream-0.0.5.tgz#4e484cd4de5a0bbbee18e46307710a8a81621878"

supports-color@3.1.2:
  version "3.1.2"
  resolved "https://registry.yarnpkg.com/supports-color/-/supports-color-3.1.2.tgz#72a262894d9d408b956ca05ff37b2ed8a6e2a2d5"
  dependencies:
    has-flag "^1.0.0"

"sylvester@>= 0.0.12", "sylvester@>= 0.0.8":
  version "0.0.21"
  resolved "https://registry.yarnpkg.com/sylvester/-/sylvester-0.0.21.tgz#2987b1ce2bd2f38b0dce2a34388884bfa4400ea7"

through@~2.3.4:
  version "2.3.8"
  resolved "https://registry.yarnpkg.com/through/-/through-2.3.8.tgz#0dd4c9ffaabc357960b1b724115d7e0e86a2e1f5"

tough-cookie@>=0.12.0:
  version "2.3.2"
  resolved "https://registry.yarnpkg.com/tough-cookie/-/tough-cookie-2.3.2.tgz#f081f76e4c85720e6c37a5faced737150d84072a"
  dependencies:
    punycode "^1.4.1"

"traverse@>=0.3.0 <0.4":
  version "0.3.9"
  resolved "https://registry.yarnpkg.com/traverse/-/traverse-0.3.9.tgz#717b8f220cc0bb7b44e40514c22b2e8bbc70d8b9"

trigram-utils@^0.1.0:
  version "0.1.1"
  resolved "https://registry.yarnpkg.com/trigram-utils/-/trigram-utils-0.1.1.tgz#7df8a092c9897fc2e09dac22f423e283231762e7"
  dependencies:
    n-gram "^0.1.0"

tunnel-agent@~0.3.0:
  version "0.3.0"
  resolved "https://registry.yarnpkg.com/tunnel-agent/-/tunnel-agent-0.3.0.tgz#ad681b68f5321ad2827c4cfb1b7d5df2cfe942ee"

tunnel-agent@~0.4.0:
  version "0.4.3"
  resolved "https://registry.yarnpkg.com/tunnel-agent/-/tunnel-agent-0.4.3.tgz#6373db76909fe570e08d73583365ed828a74eeeb"

tunnel@~0.0.2:
  version "0.0.4"
  resolved "https://registry.yarnpkg.com/tunnel/-/tunnel-0.0.4.tgz#2d3785a158c174c9a16dc2c046ec5fc5f1742213"

type-detect@0.1.1:
  version "0.1.1"
  resolved "https://registry.yarnpkg.com/type-detect/-/type-detect-0.1.1.tgz#0ba5ec2a885640e470ea4e8505971900dac58822"

type-detect@^1.0.0:
  version "1.0.0"
  resolved "https://registry.yarnpkg.com/type-detect/-/type-detect-1.0.0.tgz#762217cc06db258ec48908a1298e8b95121e8ea2"

typescript@^2.2.0:
  version "2.2.2"
  resolved "https://registry.yarnpkg.com/typescript/-/typescript-2.2.2.tgz#606022508479b55ffa368b58fee963a03dfd7b0c"

underscore@1.4.x, underscore@~1.4.4:
  version "1.4.4"
  resolved "https://registry.yarnpkg.com/underscore/-/underscore-1.4.4.tgz#61a6a32010622afa07963bf325203cf12239d604"

underscore@>=1.3.1, underscore@^1.6.0:
  version "1.8.3"
  resolved "https://registry.yarnpkg.com/underscore/-/underscore-1.8.3.tgz#4f3fb53b106e6097fcf9cb4109f2a5e9bdfa5022"

unzip@^0.1.11:
  version "0.1.11"
  resolved "https://registry.yarnpkg.com/unzip/-/unzip-0.1.11.tgz#89749c63b058d7d90d619f86b98aa1535d3b97f0"
  dependencies:
    binary ">= 0.3.0 < 1"
    fstream ">= 0.1.30 < 1"
    match-stream ">= 0.0.2 < 1"
    pullstream ">= 0.4.1 < 1"
    readable-stream "~1.0.31"
    setimmediate ">= 1.0.1 < 2"

uuid@^3.0.1:
  version "3.0.1"
  resolved "https://registry.yarnpkg.com/uuid/-/uuid-3.0.1.tgz#6544bba2dfda8c1cf17e629a3a305e2bb1fee6c1"

validator@~3.1.0:
  version "3.1.0"
  resolved "https://registry.yarnpkg.com/validator/-/validator-3.1.0.tgz#2ea1ff7e92254d69367f385f015299e5ead8755b"

warc@^1.0.0:
  version "1.0.1"
  resolved "https://registry.yarnpkg.com/warc/-/warc-1.0.1.tgz#82418d62db03b8c57046ee9d672365bf41497a05"

winston@^2.3.1:
  version "2.3.1"
  resolved "https://registry.yarnpkg.com/winston/-/winston-2.3.1.tgz#0b48420d978c01804cf0230b648861598225a119"
  dependencies:
    async "~1.0.0"
    colors "1.0.x"
    cycle "1.0.x"
    eyes "0.1.x"
    isstream "0.1.x"
    stack-trace "0.0.x"

wns@~0.5.3:
  version "0.5.3"
  resolved "https://registry.yarnpkg.com/wns/-/wns-0.5.3.tgz#00f4e85cfcf8e3383dcbd81898906f1f6ad4845f"

wrappy@1:
  version "1.0.2"
  resolved "https://registry.yarnpkg.com/wrappy/-/wrappy-1.0.2.tgz#b5243d8f3ec1aa35f1364605bc0d1036e30ab69f"

xml2js@0.2.7:
  version "0.2.7"
  resolved "https://registry.yarnpkg.com/xml2js/-/xml2js-0.2.7.tgz#1838518bb01741cae0878bab4915e494c32306af"
  dependencies:
    sax "0.5.2"

xmlbuilder@0.4.3:
  version "0.4.3"
  resolved "https://registry.yarnpkg.com/xmlbuilder/-/xmlbuilder-0.4.3.tgz#c4614ba74e0ad196e609c9272cd9e1ddb28a8a58"
